
Microsoft Visual Studio Solution File, Format Version 12.00
# Visual Studio Version 17
VisualStudioVersion = 17.2.32526.322
MinimumVisualStudioVersion = 10.0.40219.1
Project("{FAE04EC0-301F-11D3-BF4B-00C04F79EFBC}") = "Jogo-De-Xadrez-Console", "Jogo-De-Xadrez-Console.csproj", "{EE211CCB-B5CC-449E-9D41-18B1B748691C}"
EndProject
Global
	GlobalSection(SolutionConfigurationPlatforms) = preSolution
		Debug|Any CPU = Debug|Any CPU
		Release|Any CPU = Release|Any CPU
	EndGlobalSection
	GlobalSection(ProjectConfigurationPlatforms) = postSolution
		{EE211CCB-B5CC-449E-9D41-18B1B748691C}.Debug|Any CPU.ActiveCfg = Debug|Any CPU
		{EE211CCB-B5CC-449E-9D41-18B1B748691C}.Debug|Any CPU.Build.0 = Debug|Any CPU
		{EE211CCB-B5CC-449E-9D41-18B1B748691C}.Release|Any CPU.ActiveCfg = Release|Any CPU
		{EE211CCB-B5CC-449E-9D41-18B1B748691C}.Release|Any CPU.Build.0 = Release|Any CPU
	EndGlobalSection
	GlobalSection(SolutionProperties) = preSolution
		HideSolutionNode = FALSE
	EndGlobalSection
	GlobalSection(ExtensibilityGlobals) = postSolution
		SolutionGuid = {66B2E5BC-D172-4059-A231-73DED0FA0337}
	EndGlobalSection
EndGlobal
